// !$*UTF8*$!
{
	archiveVersion = 1;
	classes = {
	};
	objectVersion = 46;
	objects = {

/* Begin PBXBuildFile section */
		3CB220F41C9B361F005533C2 /* PaginatedListViewModel.h in Headers */ = {isa = PBXBuildFile; fileRef = 3CB220F31C9B361F005533C2 /* PaginatedListViewModel.h */; settings = {ATTRIBUTES = (Public, ); }; };
		3CB220FB1C9B361F005533C2 /* PaginatedListViewModel.framework in Frameworks */ = {isa = PBXBuildFile; fileRef = 3CB220F01C9B361F005533C2 /* PaginatedListViewModel.framework */; };
		3CB221001C9B361F005533C2 /* PaginatedListViewModelTests.swift in Sources */ = {isa = PBXBuildFile; fileRef = 3CB220FF1C9B361F005533C2 /* PaginatedListViewModelTests.swift */; };
		3CB2210B1C9B3638005533C2 /* PaginatedListViewModel.swift in Sources */ = {isa = PBXBuildFile; fileRef = 3CB2210A1C9B3638005533C2 /* PaginatedListViewModel.swift */; };
		3CB2210E1C9B38EE005533C2 /* ReactiveCocoa.framework in Frameworks */ = {isa = PBXBuildFile; fileRef = 3CB2210D1C9B38EE005533C2 /* ReactiveCocoa.framework */; };
		3CB221111C9B3AAC005533C2 /* Utils.swift in Sources */ = {isa = PBXBuildFile; fileRef = 3CB221101C9B3AAC005533C2 /* Utils.swift */; };
		3CB221171C9B437F005533C2 /* ReactiveCocoa.framework in Frameworks */ = {isa = PBXBuildFile; fileRef = 3CB2210D1C9B38EE005533C2 /* ReactiveCocoa.framework */; };
		3CB2211B1C9B452B005533C2 /* Result.framework in Frameworks */ = {isa = PBXBuildFile; fileRef = 3CB2211A1C9B452B005533C2 /* Result.framework */; };
		3CB2211C1C9B452B005533C2 /* Result.framework in Frameworks */ = {isa = PBXBuildFile; fileRef = 3CB2211A1C9B452B005533C2 /* Result.framework */; };
/* End PBXBuildFile section */

/* Begin PBXContainerItemProxy section */
		3CB220FC1C9B361F005533C2 /* PBXContainerItemProxy */ = {
			isa = PBXContainerItemProxy;
			containerPortal = 3CB220E71C9B361F005533C2 /* Project object */;
			proxyType = 1;
			remoteGlobalIDString = 3CB220EF1C9B361F005533C2;
			remoteInfo = PaginatedListViewModel;
		};
/* End PBXContainerItemProxy section */

/* Begin PBXFileReference section */
		3CB220F01C9B361F005533C2 /* PaginatedListViewModel.framework */ = {isa = PBXFileReference; explicitFileType = wrapper.framework; includeInIndex = 0; path = PaginatedListViewModel.framework; sourceTree = BUILT_PRODUCTS_DIR; };
		3CB220F31C9B361F005533C2 /* PaginatedListViewModel.h */ = {isa = PBXFileReference; lastKnownFileType = sourcecode.c.h; path = PaginatedListViewModel.h; sourceTree = "<group>"; };
		3CB220F51C9B361F005533C2 /* Info.plist */ = {isa = PBXFileReference; lastKnownFileType = text.plist.xml; path = Info.plist; sourceTree = "<group>"; };
		3CB220FA1C9B361F005533C2 /* PaginatedListViewModelTests.xctest */ = {isa = PBXFileReference; explicitFileType = wrapper.cfbundle; includeInIndex = 0; path = PaginatedListViewModelTests.xctest; sourceTree = BUILT_PRODUCTS_DIR; };
		3CB220FF1C9B361F005533C2 /* PaginatedListViewModelTests.swift */ = {isa = PBXFileReference; lastKnownFileType = sourcecode.swift; path = PaginatedListViewModelTests.swift; sourceTree = "<group>"; };
		3CB221011C9B361F005533C2 /* Info.plist */ = {isa = PBXFileReference; lastKnownFileType = text.plist.xml; path = Info.plist; sourceTree = "<group>"; };
		3CB2210A1C9B3638005533C2 /* PaginatedListViewModel.swift */ = {isa = PBXFileReference; fileEncoding = 4; lastKnownFileType = sourcecode.swift; path = PaginatedListViewModel.swift; sourceTree = "<group>"; };
		3CB2210D1C9B38EE005533C2 /* ReactiveCocoa.framework */ = {isa = PBXFileReference; lastKnownFileType = wrapper.framework; path = ReactiveCocoa.framework; sourceTree = "<group>"; };
		3CB221101C9B3AAC005533C2 /* Utils.swift */ = {isa = PBXFileReference; fileEncoding = 4; lastKnownFileType = sourcecode.swift; path = Utils.swift; sourceTree = "<group>"; };
		3CB2211A1C9B452B005533C2 /* Result.framework */ = {isa = PBXFileReference; lastKnownFileType = wrapper.framework; path = Result.framework; sourceTree = "<group>"; };
/* End PBXFileReference section */

/* Begin PBXFrameworksBuildPhase section */
		3CB220EC1C9B361F005533C2 /* Frameworks */ = {
			isa = PBXFrameworksBuildPhase;
			buildActionMask = 2147483647;
			files = (
				3CB2210E1C9B38EE005533C2 /* ReactiveCocoa.framework in Frameworks */,
				3CB2211B1C9B452B005533C2 /* Result.framework in Frameworks */,
			);
			runOnlyForDeploymentPostprocessing = 0;
		};
		3CB220F71C9B361F005533C2 /* Frameworks */ = {
			isa = PBXFrameworksBuildPhase;
			buildActionMask = 2147483647;
			files = (
				3CB2211C1C9B452B005533C2 /* Result.framework in Frameworks */,
				3CB220FB1C9B361F005533C2 /* PaginatedListViewModel.framework in Frameworks */,
				3CB221171C9B437F005533C2 /* ReactiveCocoa.framework in Frameworks */,
			);
			runOnlyForDeploymentPostprocessing = 0;
		};
/* End PBXFrameworksBuildPhase section */

/* Begin PBXGroup section */
		3CB220E61C9B361F005533C2 = {
			isa = PBXGroup;
			children = (
				3CB220F21C9B361F005533C2 /* PaginatedListViewModel */,
				3CB220FE1C9B361F005533C2 /* PaginatedListViewModelTests */,
				3CB2210D1C9B38EE005533C2 /* ReactiveCocoa.framework */,
				3CB2211A1C9B452B005533C2 /* Result.framework */,
				3CB220F11C9B361F005533C2 /* Products */,
			);
			sourceTree = "<group>";
		};
		3CB220F11C9B361F005533C2 /* Products */ = {
			isa = PBXGroup;
			children = (
				3CB220F01C9B361F005533C2 /* PaginatedListViewModel.framework */,
				3CB220FA1C9B361F005533C2 /* PaginatedListViewModelTests.xctest */,
			);
			name = Products;
			sourceTree = "<group>";
		};
		3CB220F21C9B361F005533C2 /* PaginatedListViewModel */ = {
			isa = PBXGroup;
			children = (
				3CB220F31C9B361F005533C2 /* PaginatedListViewModel.h */,
				3CB220F51C9B361F005533C2 /* Info.plist */,
				3CB2210A1C9B3638005533C2 /* PaginatedListViewModel.swift */,
				3CB221101C9B3AAC005533C2 /* Utils.swift */,
			);
			path = PaginatedListViewModel;
			sourceTree = "<group>";
		};
		3CB220FE1C9B361F005533C2 /* PaginatedListViewModelTests */ = {
			isa = PBXGroup;
			children = (
				3CB220FF1C9B361F005533C2 /* PaginatedListViewModelTests.swift */,
				3CB221011C9B361F005533C2 /* Info.plist */,
			);
			path = PaginatedListViewModelTests;
			sourceTree = "<group>";
		};
/* End PBXGroup section */

/* Begin PBXHeadersBuildPhase section */
		3CB220ED1C9B361F005533C2 /* Headers */ = {
			isa = PBXHeadersBuildPhase;
			buildActionMask = 2147483647;
			files = (
				3CB220F41C9B361F005533C2 /* PaginatedListViewModel.h in Headers */,
			);
			runOnlyForDeploymentPostprocessing = 0;
		};
/* End PBXHeadersBuildPhase section */

/* Begin PBXNativeTarget section */
		3CB220EF1C9B361F005533C2 /* PaginatedListViewModel */ = {
			isa = PBXNativeTarget;
			buildConfigurationList = 3CB221041C9B361F005533C2 /* Build configuration list for PBXNativeTarget "PaginatedListViewModel" */;
			buildPhases = (
				3CB220EB1C9B361F005533C2 /* Sources */,
				3CB220EC1C9B361F005533C2 /* Frameworks */,
				3CB220ED1C9B361F005533C2 /* Headers */,
				3CB220EE1C9B361F005533C2 /* Resources */,
				3CB221181C9B43C6005533C2 /* ShellScript */,
			);
			buildRules = (
			);
			dependencies = (
			);
			name = PaginatedListViewModel;
			productName = PaginatedListViewModel;
			productReference = 3CB220F01C9B361F005533C2 /* PaginatedListViewModel.framework */;
			productType = "com.apple.product-type.framework";
		};
		3CB220F91C9B361F005533C2 /* PaginatedListViewModelTests */ = {
			isa = PBXNativeTarget;
			buildConfigurationList = 3CB221071C9B361F005533C2 /* Build configuration list for PBXNativeTarget "PaginatedListViewModelTests" */;
			buildPhases = (
				3CB220F61C9B361F005533C2 /* Sources */,
				3CB220F71C9B361F005533C2 /* Frameworks */,
				3CB220F81C9B361F005533C2 /* Resources */,
				3CB221191C9B44A2005533C2 /* ShellScript */,
			);
			buildRules = (
			);
			dependencies = (
				3CB220FD1C9B361F005533C2 /* PBXTargetDependency */,
			);
			name = PaginatedListViewModelTests;
			productName = PaginatedListViewModelTests;
			productReference = 3CB220FA1C9B361F005533C2 /* PaginatedListViewModelTests.xctest */;
			productType = "com.apple.product-type.bundle.unit-test";
		};
/* End PBXNativeTarget section */

/* Begin PBXProject section */
		3CB220E71C9B361F005533C2 /* Project object */ = {
			isa = PBXProject;
			attributes = {
				LastSwiftUpdateCheck = 0720;
				LastUpgradeCheck = 0720;
				ORGANIZATIONNAME = "Sergey Gavrilyuk";
				TargetAttributes = {
					3CB220EF1C9B361F005533C2 = {
						CreatedOnToolsVersion = 7.2;
					};
					3CB220F91C9B361F005533C2 = {
						CreatedOnToolsVersion = 7.2;
					};
				};
			};
			buildConfigurationList = 3CB220EA1C9B361F005533C2 /* Build configuration list for PBXProject "PaginatedListViewModel" */;
			compatibilityVersion = "Xcode 3.2";
			developmentRegion = English;
			hasScannedForEncodings = 0;
			knownRegions = (
				en,
			);
			mainGroup = 3CB220E61C9B361F005533C2;
			productRefGroup = 3CB220F11C9B361F005533C2 /* Products */;
			projectDirPath = "";
			projectRoot = "";
			targets = (
				3CB220EF1C9B361F005533C2 /* PaginatedListViewModel */,
				3CB220F91C9B361F005533C2 /* PaginatedListViewModelTests */,
			);
		};
/* End PBXProject section */

/* Begin PBXResourcesBuildPhase section */
		3CB220EE1C9B361F005533C2 /* Resources */ = {
			isa = PBXResourcesBuildPhase;
			buildActionMask = 2147483647;
			files = (
			);
			runOnlyForDeploymentPostprocessing = 0;
		};
		3CB220F81C9B361F005533C2 /* Resources */ = {
			isa = PBXResourcesBuildPhase;
			buildActionMask = 2147483647;
			files = (
			);
			runOnlyForDeploymentPostprocessing = 0;
		};
/* End PBXResourcesBuildPhase section */

/* Begin PBXShellScriptBuildPhase section */
		3CB221181C9B43C6005533C2 /* ShellScript */ = {
			isa = PBXShellScriptBuildPhase;
			buildActionMask = 2147483647;
			files = (
			);
			inputPaths = (
				"$(SRCROOT)/ReactiveCocoa.framework",
			);
			outputPaths = (
			);
			runOnlyForDeploymentPostprocessing = 0;
			shellPath = /bin/sh;
			shellScript = "carthage copy-frameworks";
		};
		3CB221191C9B44A2005533C2 /* ShellScript */ = {
			isa = PBXShellScriptBuildPhase;
			buildActionMask = 2147483647;
			files = (
			);
			inputPaths = (
				"$(SRCROOT)/ReactiveCocoa.framework",
				"$(SRCROOT)/Result.framework",
			);
			outputPaths = (
			);
			runOnlyForDeploymentPostprocessing = 0;
			shellPath = /bin/sh;
			shellScript = "carthage copy-frameworks";
		};
/* End PBXShellScriptBuildPhase section */

/* Begin PBXSourcesBuildPhase section */
		3CB220EB1C9B361F005533C2 /* Sources */ = {
			isa = PBXSourcesBuildPhase;
			buildActionMask = 2147483647;
			files = (
				3CB2210B1C9B3638005533C2 /* PaginatedListViewModel.swift in Sources */,
				3CB221111C9B3AAC005533C2 /* Utils.swift in Sources */,
			);
			runOnlyForDeploymentPostprocessing = 0;
		};
		3CB220F61C9B361F005533C2 /* Sources */ = {
			isa = PBXSourcesBuildPhase;
			buildActionMask = 2147483647;
			files = (
				3CB221001C9B361F005533C2 /* PaginatedListViewModelTests.swift in Sources */,
			);
			runOnlyForDeploymentPostprocessing = 0;
		};
/* End PBXSourcesBuildPhase section */

/* Begin PBXTargetDependency section */
		3CB220FD1C9B361F005533C2 /* PBXTargetDependency */ = {
			isa = PBXTargetDependency;
			target = 3CB220EF1C9B361F005533C2 /* PaginatedListViewModel */;
			targetProxy = 3CB220FC1C9B361F005533C2 /* PBXContainerItemProxy */;
		};
/* End PBXTargetDependency section */

/* Begin XCBuildConfiguration section */
		3CB221021C9B361F005533C2 /* Debug */ = {
			isa = XCBuildConfiguration;
			buildSettings = {
				ALWAYS_SEARCH_USER_PATHS = NO;
				CLANG_CXX_LANGUAGE_STANDARD = "gnu++0x";
				CLANG_CXX_LIBRARY = "libc++";
				CLANG_ENABLE_MODULES = YES;
				CLANG_ENABLE_OBJC_ARC = YES;
				CLANG_WARN_BOOL_CONVERSION = YES;
				CLANG_WARN_CONSTANT_CONVERSION = YES;
				CLANG_WARN_DIRECT_OBJC_ISA_USAGE = YES_ERROR;
				CLANG_WARN_EMPTY_BODY = YES;
				CLANG_WARN_ENUM_CONVERSION = YES;
				CLANG_WARN_INT_CONVERSION = YES;
				CLANG_WARN_OBJC_ROOT_CLASS = YES_ERROR;
				CLANG_WARN_UNREACHABLE_CODE = YES;
				CLANG_WARN__DUPLICATE_METHOD_MATCH = YES;
				"CODE_SIGN_IDENTITY[sdk=iphoneos*]" = "iPhone Developer";
				COPY_PHASE_STRIP = NO;
				CURRENT_PROJECT_VERSION = 1;
				DEBUG_INFORMATION_FORMAT = dwarf;
				ENABLE_STRICT_OBJC_MSGSEND = YES;
				ENABLE_TESTABILITY = YES;
				GCC_C_LANGUAGE_STANDARD = gnu99;
				GCC_DYNAMIC_NO_PIC = NO;
				GCC_NO_COMMON_BLOCKS = YES;
				GCC_OPTIMIZATION_LEVEL = 0;
				GCC_PREPROCESSOR_DEFINITIONS = (
					"DEBUG=1",
					"$(inherited)",
				);
				GCC_WARN_64_TO_32_BIT_CONVERSION = YES;
				GCC_WARN_ABOUT_RETURN_TYPE = YES_ERROR;
				GCC_WARN_UNDECLARED_SELECTOR = YES;
				GCC_WARN_UNINITIALIZED_AUTOS = YES_AGGRESSIVE;
				GCC_WARN_UNUSED_FUNCTION = YES;
				GCC_WARN_UNUSED_VARIABLE = YES;
				IPHONEOS_DEPLOYMENT_TARGET = 9.2;
				MTL_ENABLE_DEBUG_INFO = YES;
				ONLY_ACTIVE_ARCH = YES;
				SDKROOT = iphoneos;
				SWIFT_OPTIMIZATION_LEVEL = "-Onone";
				TARGETED_DEVICE_FAMILY = "1,2";
				VERSIONING_SYSTEM = "apple-generic";
				VERSION_INFO_PREFIX = "";
			};
			name = Debug;
		};
		3CB221031C9B361F005533C2 /* Release */ = {
			isa = XCBuildConfiguration;
			buildSettings = {
				ALWAYS_SEARCH_USER_PATHS = NO;
				CLANG_CXX_LANGUAGE_STANDARD = "gnu++0x";
				CLANG_CXX_LIBRARY = "libc++";
				CLANG_ENABLE_MODULES = YES;
				CLANG_ENABLE_OBJC_ARC = YES;
				CLANG_WARN_BOOL_CONVERSION = YES;
				CLANG_WARN_CONSTANT_CONVERSION = YES;
				CLANG_WARN_DIRECT_OBJC_ISA_USAGE = YES_ERROR;
				CLANG_WARN_EMPTY_BODY = YES;
				CLANG_WARN_ENUM_CONVERSION = YES;
				CLANG_WARN_INT_CONVERSION = YES;
				CLANG_WARN_OBJC_ROOT_CLASS = YES_ERROR;
				CLANG_WARN_UNREACHABLE_CODE = YES;
				CLANG_WARN__DUPLICATE_METHOD_MATCH = YES;
				"CODE_SIGN_IDENTITY[sdk=iphoneos*]" = "iPhone Developer";
				COPY_PHASE_STRIP = NO;
				CURRENT_PROJECT_VERSION = 1;
				DEBUG_INFORMATION_FORMAT = "dwarf-with-dsym";
				ENABLE_NS_ASSERTIONS = NO;
				ENABLE_STRICT_OBJC_MSGSEND = YES;
				GCC_C_LANGUAGE_STANDARD = gnu99;
				GCC_NO_COMMON_BLOCKS = YES;
				GCC_WARN_64_TO_32_BIT_CONVERSION = YES;
				GCC_WARN_ABOUT_RETURN_TYPE = YES_ERROR;
				GCC_WARN_UNDECLARED_SELECTOR = YES;
				GCC_WARN_UNINITIALIZED_AUTOS = YES_AGGRESSIVE;
				GCC_WARN_UNUSED_FUNCTION = YES;
				GCC_WARN_UNUSED_VARIABLE = YES;
				IPHONEOS_DEPLOYMENT_TARGET = 9.2;
				MTL_ENABLE_DEBUG_INFO = NO;
				SDKROOT = iphoneos;
				TARGETED_DEVICE_FAMILY = "1,2";
				VALIDATE_PRODUCT = YES;
				VERSIONING_SYSTEM = "apple-generic";
				VERSION_INFO_PREFIX = "";
			};
			name = Release;
		};
		3CB221051C9B361F005533C2 /* Debug */ = {
			isa = XCBuildConfiguration;
			buildSettings = {
				CLANG_ENABLE_MODULES = YES;
				DEFINES_MODULE = YES;
				DYLIB_COMPATIBILITY_VERSION = 1;
				DYLIB_CURRENT_VERSION = 1;
				DYLIB_INSTALL_NAME_BASE = "@rpath";
				FRAMEWORK_SEARCH_PATHS = (
					"$(inherited)",
					"$(PROJECT_DIR)",
				);
				INFOPLIST_FILE = PaginatedListViewModel/Info.plist;
				INSTALL_PATH = "$(LOCAL_LIBRARY_DIR)/Frameworks";
				LD_RUNPATH_SEARCH_PATHS = "$(inherited) @executable_path/Frameworks @loader_path/Frameworks";
				PRODUCT_BUNDLE_IDENTIFIER = gavrix.PaginatedListViewModel;
				PRODUCT_NAME = "$(TARGET_NAME)";
				SKIP_INSTALL = YES;
				SWIFT_OPTIMIZATION_LEVEL = "-Onone";
			};
			name = Debug;
		};
		3CB221061C9B361F005533C2 /* Release */ = {
			isa = XCBuildConfiguration;
			buildSettings = {
				CLANG_ENABLE_MODULES = YES;
				DEFINES_MODULE = YES;
				DYLIB_COMPATIBILITY_VERSION = 1;
				DYLIB_CURRENT_VERSION = 1;
				DYLIB_INSTALL_NAME_BASE = "@rpath";
				FRAMEWORK_SEARCH_PATHS = (
					"$(inherited)",
					"$(PROJECT_DIR)",
				);
				INFOPLIST_FILE = PaginatedListViewModel/Info.plist;
				INSTALL_PATH = "$(LOCAL_LIBRARY_DIR)/Frameworks";
				LD_RUNPATH_SEARCH_PATHS = "$(inherited) @executable_path/Frameworks @loader_path/Frameworks";
				PRODUCT_BUNDLE_IDENTIFIER = gavrix.PaginatedListViewModel;
				PRODUCT_NAME = "$(TARGET_NAME)";
				SKIP_INSTALL = YES;
			};
			name = Release;
		};
		3CB221081C9B361F005533C2 /* Debug */ = {
			isa = XCBuildConfiguration;
			buildSettings = {
				FRAMEWORK_SEARCH_PATHS = (
					"$(inherited)",
					"$(PROJECT_DIR)",
				);
				INFOPLIST_FILE = PaginatedListViewModelTests/Info.plist;
				LD_RUNPATH_SEARCH_PATHS = "$(inherited) @executable_path/Frameworks @loader_path/Frameworks";
				PRODUCT_BUNDLE_IDENTIFIER = gavrix.PaginatedListViewModelTests;
				PRODUCT_NAME = "$(TARGET_NAME)";
			};
			name = Debug;
		};
		3CB221091C9B361F005533C2 /* Release */ = {
			isa = XCBuildConfiguration;
			buildSettings = {
				FRAMEWORK_SEARCH_PATHS = (
					"$(inherited)",
					"$(PROJECT_DIR)",
				);
				INFOPLIST_FILE = PaginatedListViewModelTests/Info.plist;
				LD_RUNPATH_SEARCH_PATHS = "$(inherited) @executable_path/Frameworks @loader_path/Frameworks";
				PRODUCT_BUNDLE_IDENTIFIER = gavrix.PaginatedListViewModelTests;
				PRODUCT_NAME = "$(TARGET_NAME)";
			};
			name = Release;
		};
/* End XCBuildConfiguration section */

/* Begin XCConfigurationList section */
		3CB220EA1C9B361F005533C2 /* Build configuration list for PBXProject "PaginatedListViewModel" */ = {
			isa = XCConfigurationList;
			buildConfigurations = (
				3CB221021C9B361F005533C2 /* Debug */,
				3CB221031C9B361F005533C2 /* Release */,
			);
			defaultConfigurationIsVisible = 0;
			defaultConfigurationName = Release;
		};
		3CB221041C9B361F005533C2 /* Build configuration list for PBXNativeTarget "PaginatedListViewModel" */ = {
			isa = XCConfigurationList;
			buildConfigurations = (
				3CB221051C9B361F005533C2 /* Debug */,
				3CB221061C9B361F005533C2 /* Release */,
			);
			defaultConfigurationIsVisible = 0;
		};
		3CB221071C9B361F005533C2 /* Build configuration list for PBXNativeTarget "PaginatedListViewModelTests" */ = {
			isa = XCConfigurationList;
			buildConfigurations = (
				3CB221081C9B361F005533C2 /* Debug */,
				3CB221091C9B361F005533C2 /* Release */,
			);
			defaultConfigurationIsVisible = 0;
		};
/* End XCConfigurationList section */
	};
	rootObject = 3CB220E71C9B361F005533C2 /* Project object */;
}
